<?xml version="1.0" encoding="utf-8"?>
<Project ToolsVersion="17.0" xmlns="http://schemas.microsoft.com/developer/msbuild/2003">
  <ItemGroup>
    <CustomBuild Include="C:\Users\maxim\OneDrive\Skrivbord\GITHUB\Spelet-Python\build-msvc\CMakeFiles\1953568696e22de0eb53bbdc92a7828c\INSTALL_force.rule">
      <Filter>CMake Rules</Filter>
    </CustomBuild>
  </ItemGroup>
  <ItemGroup>
    <Filter Include="CMake Rules">
      <UniqueIdentifier>{5ED411F5-743A-314C-A18E-5FABA40BDF1B}</UniqueIdentifier>
    </Filter>
  </ItemGroup>
</Project>
